{
  "name": "MERN Projects",
  "lockfileVersion": 3,
  "requires": true,
  "packages": {
    "": {
      "dependencies": {
        "nestify-backend": "^2.1.0"
      }
    },
    "node_modules/nestify-backend": {
      "version": "2.1.0",
      "resolved": "https://registry.npmjs.org/nestify-backend/-/nestify-backend-2.1.0.tgz",
      "integrity": "sha512-+N/jLZNF605fb7c9f6hOGI/R1ANgBc2cIhwf4yG1QznP+mp9iA51FYe3lCstdBQV6YI1dJ8wLaT2c/Gfn81J2Q==",
      "hasInstallScript": true,
      "license": "ISC",
      "dependencies": {
        "nestify-backend": "^1.17.0"
      }
    },
    "node_modules/nestify-backend/node_modules/nestify-backend": {
      "version": "1.17.0",
      "resolved": "https://registry.npmjs.org/nestify-backend/-/nestify-backend-1.17.0.tgz",
      "integrity": "sha512-u2BA+cCvpJ9ZmKvceCJiTPSwPS4MNRgpeQkKvqHD8Y2nfDqJjYQIdMBXi7Sv3wYjoKAYjQ7zE0atQ0RnCXzuLg==",
      "hasInstallScript": true,
      "license": "ISC"
    }
  }
}
